
Microsoft Visual Studio Solution File, Format Version 12.00
# Visual Studio Version 17
VisualStudioVersion = 17.9.34622.214
MinimumVisualStudioVersion = 10.0.40219.1
Project("{9A19103F-16F7-4668-BE54-9A1E7A4F7556}") = "AcodeX Web Sitesi", "AcodeX Web Sitesi\AcodeX Web Sitesi.csproj", "{9B3B2C14-80A4-4ACB-9ECA-53571F275810}"
EndProject
Project("{9A19103F-16F7-4668-BE54-9A1E7A4F7556}") = "DataAccsess", "DataAccsess\DataAccsess.csproj", "{811D50FD-96BE-4380-B334-7B140ED2DF6C}"
EndProject
Project("{9A19103F-16F7-4668-BE54-9A1E7A4F7556}") = "EntityLayer", "EntityLayer\EntityLayer.csproj", "{600E40FB-6622-4DB2-AF5E-86A72B5C306F}"
EndProject
Project("{9A19103F-16F7-4668-BE54-9A1E7A4F7556}") = "BussinesLayer", "BussinesLayer\BussinesLayer.csproj", "{2CD1BA15-EB76-4F72-9154-09D9562F3FCF}"
EndProject
Global
	GlobalSection(SolutionConfigurationPlatforms) = preSolution
		Debug|Any CPU = Debug|Any CPU
		Release|Any CPU = Release|Any CPU
	EndGlobalSection
	GlobalSection(ProjectConfigurationPlatforms) = postSolution
		{9B3B2C14-80A4-4ACB-9ECA-53571F275810}.Debug|Any CPU.ActiveCfg = Debug|Any CPU
		{9B3B2C14-80A4-4ACB-9ECA-53571F275810}.Debug|Any CPU.Build.0 = Debug|Any CPU
		{9B3B2C14-80A4-4ACB-9ECA-53571F275810}.Release|Any CPU.ActiveCfg = Release|Any CPU
		{9B3B2C14-80A4-4ACB-9ECA-53571F275810}.Release|Any CPU.Build.0 = Release|Any CPU
		{811D50FD-96BE-4380-B334-7B140ED2DF6C}.Debug|Any CPU.ActiveCfg = Debug|Any CPU
		{811D50FD-96BE-4380-B334-7B140ED2DF6C}.Debug|Any CPU.Build.0 = Debug|Any CPU
		{811D50FD-96BE-4380-B334-7B140ED2DF6C}.Release|Any CPU.ActiveCfg = Release|Any CPU
		{811D50FD-96BE-4380-B334-7B140ED2DF6C}.Release|Any CPU.Build.0 = Release|Any CPU
		{600E40FB-6622-4DB2-AF5E-86A72B5C306F}.Debug|Any CPU.ActiveCfg = Debug|Any CPU
		{600E40FB-6622-4DB2-AF5E-86A72B5C306F}.Debug|Any CPU.Build.0 = Debug|Any CPU
		{600E40FB-6622-4DB2-AF5E-86A72B5C306F}.Release|Any CPU.ActiveCfg = Release|Any CPU
		{600E40FB-6622-4DB2-AF5E-86A72B5C306F}.Release|Any CPU.Build.0 = Release|Any CPU
		{2CD1BA15-EB76-4F72-9154-09D9562F3FCF}.Debug|Any CPU.ActiveCfg = Debug|Any CPU
		{2CD1BA15-EB76-4F72-9154-09D9562F3FCF}.Debug|Any CPU.Build.0 = Debug|Any CPU
		{2CD1BA15-EB76-4F72-9154-09D9562F3FCF}.Release|Any CPU.ActiveCfg = Release|Any CPU
		{2CD1BA15-EB76-4F72-9154-09D9562F3FCF}.Release|Any CPU.Build.0 = Release|Any CPU
	EndGlobalSection
	GlobalSection(SolutionProperties) = preSolution
		HideSolutionNode = FALSE
	EndGlobalSection
	GlobalSection(ExtensibilityGlobals) = postSolution
		SolutionGuid = {ABAAE2D3-EE05-4E29-9143-0B9611989640}
	EndGlobalSection
EndGlobal
